
Microsoft Visual Studio Solution File, Format Version 12.00
# Visual Studio Version 16
VisualStudioVersion = 16.0.29613.14
MinimumVisualStudioVersion = 10.0.40219.1
Project("{FAE04EC0-301F-11D3-BF4B-00C04F79EFBC}") = "ADOWorkItemDelete", "ADOWorkItemDelete\ADOWorkItemDelete.csproj", "{66DBD0C8-DA18-41C2-B026-4FBA332A3CEA}"
EndProject
Global
	GlobalSection(SolutionConfigurationPlatforms) = preSolution
		Debug|Any CPU = Debug|Any CPU
		Release|Any CPU = Release|Any CPU
	EndGlobalSection
	GlobalSection(ProjectConfigurationPlatforms) = postSolution
		{66DBD0C8-DA18-41C2-B026-4FBA332A3CEA}.Debug|Any CPU.ActiveCfg = Debug|Any CPU
		{66DBD0C8-DA18-41C2-B026-4FBA332A3CEA}.Debug|Any CPU.Build.0 = Debug|Any CPU
		{66DBD0C8-DA18-41C2-B026-4FBA332A3CEA}.Release|Any CPU.ActiveCfg = Release|Any CPU
		{66DBD0C8-DA18-41C2-B026-4FBA332A3CEA}.Release|Any CPU.Build.0 = Release|Any CPU
	EndGlobalSection
	GlobalSection(SolutionProperties) = preSolution
		HideSolutionNode = FALSE
	EndGlobalSection
	GlobalSection(ExtensibilityGlobals) = postSolution
		SolutionGuid = {6CA3550D-A3F6-41C5-A638-9B5B8B007C85}
	EndGlobalSection
EndGlobal
